
Microsoft Visual Studio Solution File, Format Version 12.00
# Visual Studio Version 16
VisualStudioVersion = 16.0.31424.327
MinimumVisualStudioVersion = 10.0.40219.1
Project("{FAE04EC0-301F-11D3-BF4B-00C04F79EFBC}") = "Calculator", "Calculator.csproj", "{EFAC19D8-13C7-451B-A05C-FC56C86E833E}"
EndProject
Global
	GlobalSection(SolutionConfigurationPlatforms) = preSolution
		Debug|Any CPU = Debug|Any CPU
		Release|Any CPU = Release|Any CPU
	EndGlobalSection
	GlobalSection(ProjectConfigurationPlatforms) = postSolution
		{EFAC19D8-13C7-451B-A05C-FC56C86E833E}.Debug|Any CPU.ActiveCfg = Debug|Any CPU
		{EFAC19D8-13C7-451B-A05C-FC56C86E833E}.Debug|Any CPU.Build.0 = Debug|Any CPU
		{EFAC19D8-13C7-451B-A05C-FC56C86E833E}.Release|Any CPU.ActiveCfg = Release|Any CPU
		{EFAC19D8-13C7-451B-A05C-FC56C86E833E}.Release|Any CPU.Build.0 = Release|Any CPU
	EndGlobalSection
	GlobalSection(SolutionProperties) = preSolution
		HideSolutionNode = FALSE
	EndGlobalSection
	GlobalSection(ExtensibilityGlobals) = postSolution
		SolutionGuid = {DA2FE87C-50B2-4376-91C7-9F6AE5A6DA14}
	EndGlobalSection
EndGlobal
